
Microsoft Visual Studio Solution File, Format Version 12.00
# Visual Studio Version 17
VisualStudioVersion = 17.0.31903.59
MinimumVisualStudioVersion = 10.0.40219.1
Project("{FAE04EC0-301F-11D3-BF4B-00C04F79EFBC}") = "Examples.Console", "Examples.Console\Examples.Console.csproj", "{00DF1F87-D80B-4673-8AC0-86E2A6E049F9}"
EndProject
Project("{FAE04EC0-301F-11D3-BF4B-00C04F79EFBC}") = "Examples.Core", "Examples.Core\Examples.Core.csproj", "{425DDCAB-48F5-4F83-8EF6-E7F7792C7501}"
EndProject
Project("{FAE04EC0-301F-11D3-BF4B-00C04F79EFBC}") = "Examples.Tests", "Examples.Tests\Examples.Tests.csproj", "{B7C98283-D874-423C-8069-61A7FF94CA3C}"
EndProject
Global
	GlobalSection(SolutionConfigurationPlatforms) = preSolution
		Debug|Any CPU = Debug|Any CPU
		Release|Any CPU = Release|Any CPU
	EndGlobalSection
	GlobalSection(ProjectConfigurationPlatforms) = postSolution
		{00DF1F87-D80B-4673-8AC0-86E2A6E049F9}.Debug|Any CPU.ActiveCfg = Debug|Any CPU
		{00DF1F87-D80B-4673-8AC0-86E2A6E049F9}.Debug|Any CPU.Build.0 = Debug|Any CPU
		{00DF1F87-D80B-4673-8AC0-86E2A6E049F9}.Release|Any CPU.ActiveCfg = Release|Any CPU
		{00DF1F87-D80B-4673-8AC0-86E2A6E049F9}.Release|Any CPU.Build.0 = Release|Any CPU
		{425DDCAB-48F5-4F83-8EF6-E7F7792C7501}.Debug|Any CPU.ActiveCfg = Debug|Any CPU
		{425DDCAB-48F5-4F83-8EF6-E7F7792C7501}.Debug|Any CPU.Build.0 = Debug|Any CPU
		{425DDCAB-48F5-4F83-8EF6-E7F7792C7501}.Release|Any CPU.ActiveCfg = Release|Any CPU
		{425DDCAB-48F5-4F83-8EF6-E7F7792C7501}.Release|Any CPU.Build.0 = Release|Any CPU
		{B7C98283-D874-423C-8069-61A7FF94CA3C}.Debug|Any CPU.ActiveCfg = Debug|Any CPU
		{B7C98283-D874-423C-8069-61A7FF94CA3C}.Debug|Any CPU.Build.0 = Debug|Any CPU
		{B7C98283-D874-423C-8069-61A7FF94CA3C}.Release|Any CPU.ActiveCfg = Release|Any CPU
		{B7C98283-D874-423C-8069-61A7FF94CA3C}.Release|Any CPU.Build.0 = Release|Any CPU
	EndGlobalSection
EndGlobal
